// !$*UTF8*$!
{
	archiveVersion = 1;
	classes = {
	};
	objectVersion = 39;
	objects = {
		8E04453707D4BF7300354DEA = {
			isa = PBXFileReference;
			lastKnownFileType = image.png;
			path = eventbg.png;
			refType = 4;
			sourceTree = "<group>";
		};
		8E04453807D4BF7300354DEA = {
			isa = PBXFileReference;
			lastKnownFileType = image.png;
			path = "menu-trans.png";
			refType = 4;
			sourceTree = "<group>";
		};
		8E0DCD42078CB64E00A84B16 = {
			fileEncoding = 4;
			isa = PBXFileReference;
			lastKnownFileType = text.script.php;
			path = month.php;
			refType = 4;
			sourceTree = "<group>";
		};
		8E0DCD59078CB7CD00A84B16 = {
			fileEncoding = 4;
			isa = PBXFileReference;
			lastKnownFileType = text.script.php;
			path = day.php;
			refType = 4;
			sourceTree = "<group>";
		};
		8E0DCD5A078CB7D900A84B16 = {
			fileEncoding = 4;
			isa = PBXFileReference;
			lastKnownFileType = text.script.php;
			path = week.php;
			refType = 4;
			sourceTree = "<group>";
		};
		8E0DCD73078CB85A00A84B16 = {
			fileEncoding = 4;
			isa = PBXFileReference;
			lastKnownFileType = text.script.php;
			path = common.php;
			refType = 4;
			sourceTree = "<group>";
		};
		8E0FC9350789A1870031FA32 = {
			children = (
				8E0FC9390789A1FE0031FA32,
				8EDFD1950834F3EF00EBD07B,
			);
			isa = PBXGroup;
			path = bin;
			refType = 4;
			sourceTree = "<group>";
		};
		8E0FC9390789A1FE0031FA32 = {
			fileEncoding = 4;
			isa = PBXFileReference;
			languageSpecificationIdentifier = php;
			lastKnownFileType = text.script.sh;
			path = acal_alarm;
			refType = 4;
			sourceTree = "<group>";
		};
		8E18DF670806FEC5001DACD8 = {
			fileEncoding = 4;
			isa = PBXFileReference;
			languageSpecificationIdentifier = html;
			lastKnownFileType = text.xml;
			path = Deutsch.xml;
			refType = 4;
			sourceTree = "<group>";
		};
		8E2AA2D807988F7E00497257 = {
			children = (
				8E18DF670806FEC5001DACD8,
				8E2AA2D907988F9700497257,
			);
			isa = PBXGroup;
			path = languages;
			refType = 4;
			sourceTree = "<group>";
		};
		8E2AA2D907988F9700497257 = {
			fileEncoding = 4;
			isa = PBXFileReference;
			lastKnownFileType = text.xml;
			path = English.xml;
			refType = 4;
			sourceTree = "<group>";
		};
		8E2D458907A87D4400A31159 = {
			fileEncoding = 4;
			isa = PBXFileReference;
			languageSpecificationIdentifier = javascript;
			lastKnownFileType = sourcecode.javascript;
			path = functions.js;
			refType = 4;
			sourceTree = "<group>";
		};
		8E36038907A84BD600097ACE = {
			isa = PBXFileReference;
			lastKnownFileType = image.png;
			path = "sidebar-trans.png";
			refType = 4;
			sourceTree = "<group>";
		};
		8E400CAD0785B93500C202F9 = {
			fileEncoding = 4;
			isa = PBXFileReference;
			lastKnownFileType = text.script.php;
			path = db.php;
			refType = 4;
			sourceTree = "<group>";
		};
		8E614E4A07AADB4A003C3439 = {
			fileEncoding = 4;
			isa = PBXFileReference;
			lastKnownFileType = text.script.php;
			path = events.php;
			refType = 4;
			sourceTree = "<group>";
		};
		8E66492D07D3A43E00E44569 = {
			isa = PBXFileReference;
			lastKnownFileType = image.png;
			path = "in-trans.png";
			refType = 4;
			sourceTree = "<group>";
		};
		8E6B936A07C51B7C001A1AFA = {
			isa = PBXFileReference;
			lastKnownFileType = image.png;
			path = null.png;
			refType = 4;
			sourceTree = "<group>";
		};
		8E6B936F07C51B97001A1AFA = {
			isa = PBXFileReference;
			lastKnownFileType = image.png;
			path = "edit-trans.png";
			refType = 4;
			sourceTree = "<group>";
		};
		8E6B937407C51BA7001A1AFA = {
			isa = PBXFileReference;
			lastKnownFileType = image.png;
			path = close.png;
			refType = 4;
			sourceTree = "<group>";
		};
		8E731614080AC83A00A01A4A = {
			fileEncoding = 4;
			isa = PBXFileReference;
			lastKnownFileType = text.script.php;
			path = time.php;
			refType = 4;
			sourceTree = "<group>";
		};
		8E7450690785C50D00009042 = {
			children = (
				8E7793130788A40F00787958,
				8E7792A20788917500787958,
				8E74506A0785C52400009042,
				8E77925C07888BA400787958,
			);
			isa = PBXGroup;
			path = db;
			refType = 4;
			sourceTree = "<group>";
		};
		8E74506A0785C52400009042 = {
			fileEncoding = 4;
			isa = PBXFileReference;
			lastKnownFileType = text.script.php;
			path = sqlite.php;
			refType = 4;
			sourceTree = "<group>";
		};
		8E74507E0785D20300009042 = {
			fileEncoding = 4;
			isa = PBXFileReference;
			lastKnownFileType = text.xml;
			path = configuration.xml;
			refType = 4;
			sourceTree = "<group>";
		};
		8E76BFEB0784729400B58B14 = {
			children = (
				8E9B20040784743700F58FB2,
				8EA5EDE20800977B00A412BD,
				8EA5ED2A0800682100A412BD,
				8E8A41670798A89700E99B94,
				8E2AA2D807988F7E00497257,
				8E0FC9350789A1870031FA32,
				8E74507E0785D20300009042,
				8E7450690785C50D00009042,
				8E9B200C0784749200F58FB2,
				8E9B1FFB0784736200F58FB2,
				8E9B1FFC0784736200F58FB2,
				8E9B1FFD0784736200F58FB2,
				8E9B1FFE0784736200F58FB2,
				8E871602081DB0D0009051B0,
				8E9B1FFF0784736200F58FB2,
				8E871575081D8BA8009051B0,
				8E87157A081D8BA8009051B0,
			);
			isa = PBXGroup;
			refType = 4;
			sourceTree = "<group>";
		};
		8E76BFED0784729400B58B14 = {
			buildSettings = {
				COPY_PHASE_STRIP = NO;
			};
			isa = PBXBuildStyle;
			name = Development;
		};
		8E76BFEE0784729400B58B14 = {
			buildSettings = {
				COPY_PHASE_STRIP = YES;
			};
			isa = PBXBuildStyle;
			name = Deployment;
		};
		8E76BFEF0784729400B58B14 = {
			buildSettings = {
			};
			buildStyles = (
				8E76BFED0784729400B58B14,
				8E76BFEE0784729400B58B14,
			);
			hasScannedForEncodings = 0;
			isa = PBXProject;
			mainGroup = 8E76BFEB0784729400B58B14;
			projectDirPath = "";
			targets = (
			);
		};
		8E77925C07888BA400787958 = {
			fileEncoding = 4;
			isa = PBXFileReference;
			lastKnownFileType = text.script.php;
			path = mysqli.php;
			refType = 4;
			sourceTree = "<group>";
		};
		8E7792A20788917500787958 = {
			fileEncoding = 4;
			isa = PBXFileReference;
			lastKnownFileType = text.script.php;
			path = "sqlite-checkfile.php";
			refType = 4;
			sourceTree = "<group>";
		};
		8E7793130788A40F00787958 = {
			fileEncoding = 4;
			isa = PBXFileReference;
			lastKnownFileType = text.script.php;
			path = "mysqli-checkfile.php";
			refType = 4;
			sourceTree = "<group>";
		};
		8E871575081D8BA8009051B0 = {
			children = (
				8E871576081D8BA8009051B0,
				8E871577081D8BA8009051B0,
				8E871578081D8BA8009051B0,
				8E871579081D8BA8009051B0,
			);
			isa = PBXGroup;
			path = Date;
			refType = 2;
			sourceTree = SOURCE_ROOT;
		};
		8E871576081D8BA8009051B0 = {
			fileEncoding = 30;
			isa = PBXFileReference;
			lastKnownFileType = text.script.php;
			path = Calc.php;
			refType = 4;
			sourceTree = "<group>";
		};
		8E871577081D8BA8009051B0 = {
			fileEncoding = 30;
			isa = PBXFileReference;
			lastKnownFileType = text.script.php;
			path = Human.php;
			refType = 4;
			sourceTree = "<group>";
		};
		8E871578081D8BA8009051B0 = {
			fileEncoding = 30;
			isa = PBXFileReference;
			lastKnownFileType = text.script.php;
			path = Span.php;
			refType = 4;
			sourceTree = "<group>";
		};
		8E871579081D8BA8009051B0 = {
			fileEncoding = 30;
			isa = PBXFileReference;
			lastKnownFileType = text.script.php;
			path = TimeZone.php;
			refType = 4;
			sourceTree = "<group>";
		};
		8E87157A081D8BA8009051B0 = {
			fileEncoding = 30;
			isa = PBXFileReference;
			lastKnownFileType = text.script.php;
			path = Date.php;
			refType = 2;
			sourceTree = SOURCE_ROOT;
		};
		8E8715E3081DAA5D009051B0 = {
			fileEncoding = 4;
			isa = PBXFileReference;
			lastKnownFileType = text.script.php;
			path = users.php;
			refType = 4;
			sourceTree = "<group>";
		};
		8E871602081DB0D0009051B0 = {
			children = (
				8E871603081DB11B009051B0,
			);
			isa = PBXGroup;
			path = panes;
			refType = 2;
			sourceTree = SOURCE_ROOT;
		};
		8E871603081DB11B009051B0 = {
			fileEncoding = 4;
			isa = PBXFileReference;
			lastKnownFileType = text.script.php;
			path = preferences.php;
			refType = 4;
			sourceTree = "<group>";
		};
		8E871614081DB1E8009051B0 = {
			fileEncoding = 4;
			isa = PBXFileReference;
			lastKnownFileType = text.script.php;
			path = panes.php;
			refType = 4;
			sourceTree = "<group>";
		};
		8E871769081EADFB009051B0 = {
			isa = PBXFileReference;
			lastKnownFileType = image.png;
			path = drop_shadow.png;
			refType = 4;
			sourceTree = "<group>";
		};
		8E87176A081EADFB009051B0 = {
			isa = PBXFileReference;
			lastKnownFileType = image.png;
			path = layer_bg.png;
			refType = 4;
			sourceTree = "<group>";
		};
		8E87176B081EADFB009051B0 = {
			isa = PBXFileReference;
			lastKnownFileType = image.png;
			path = "tab-l_on.png";
			refType = 4;
			sourceTree = "<group>";
		};
		8E87176C081EADFB009051B0 = {
			isa = PBXFileReference;
			lastKnownFileType = image.png;
			path = "tab-l.png";
			refType = 4;
			sourceTree = "<group>";
		};
		8E87176D081EADFB009051B0 = {
			isa = PBXFileReference;
			lastKnownFileType = image.png;
			path = "tab-r_on.png";
			refType = 4;
			sourceTree = "<group>";
		};
		8E87176E081EADFB009051B0 = {
			isa = PBXFileReference;
			lastKnownFileType = image.png;
			path = "tab-r.png";
			refType = 4;
			sourceTree = "<group>";
		};
		8E88ACFA07A7D7DB001AC294 = {
			isa = PBXFileReference;
			lastKnownFileType = image.png;
			path = alarm.png;
			refType = 4;
			sourceTree = "<group>";
		};
		8E88ACFB07A7D7DB001AC294 = {
			isa = PBXFileReference;
			lastKnownFileType = image.png;
			path = day_view_btn.png;
			refType = 4;
			sourceTree = "<group>";
		};
		8E88ACFC07A7D7DB001AC294 = {
			isa = PBXFileReference;
			lastKnownFileType = image.png;
			path = l_back.png;
			refType = 4;
			sourceTree = "<group>";
		};
		8E88ACFD07A7D7DB001AC294 = {
			isa = PBXFileReference;
			lastKnownFileType = image.png;
			path = l_next.png;
			refType = 4;
			sourceTree = "<group>";
		};
		8E88ACFE07A7D7DB001AC294 = {
			isa = PBXFileReference;
			lastKnownFileType = image.png;
			path = month_view_btn.png;
			refType = 4;
			sourceTree = "<group>";
		};
		8E88ACFF07A7D7DB001AC294 = {
			isa = PBXFileReference;
			lastKnownFileType = image.png;
			path = nav.png;
			refType = 4;
			sourceTree = "<group>";
		};
		8E88AD0007A7D7DB001AC294 = {
			isa = PBXFileReference;
			lastKnownFileType = image.png;
			path = notice.png;
			refType = 4;
			sourceTree = "<group>";
		};
		8E88AD0207A7D7DB001AC294 = {
			isa = PBXFileReference;
			lastKnownFileType = image.png;
			path = title.png;
			refType = 4;
			sourceTree = "<group>";
		};
		8E88AD0307A7D7DB001AC294 = {
			isa = PBXFileReference;
			lastKnownFileType = image.png;
			path = week_view_btn.png;
			refType = 4;
			sourceTree = "<group>";
		};
		8E8A41550798A7AA00E99B94 = {
			fileEncoding = 4;
			isa = PBXFileReference;
			lastKnownFileType = text.script.php;
			path = preferences.php;
			refType = 4;
			sourceTree = "<group>";
		};
		8E8A41560798A7E100E99B94 = {
			fileEncoding = 4;
			isa = PBXFileReference;
			lastKnownFileType = text.script.php;
			path = template.php;
			refType = 4;
			sourceTree = "<group>";
		};
		8E8A41670798A89700E99B94 = {
			children = (
				8EF927CE07AB2B4000A54D63,
				8E2D458907A87D4400A31159,
				8E8A416C0798AC0800E99B94,
			);
			isa = PBXGroup;
			path = js;
			refType = 4;
			sourceTree = "<group>";
		};
		8E8A416C0798AC0800E99B94 = {
			fileEncoding = 4;
			isa = PBXFileReference;
			lastKnownFileType = sourcecode.javascript;
			path = popup.js;
			refType = 4;
			sourceTree = "<group>";
		};
		8E9050F00799638000257AAB = {
			fileEncoding = 4;
			isa = PBXFileReference;
			lastKnownFileType = text.script.php;
			path = locale.php;
			refType = 4;
			sourceTree = "<group>";
		};
		8E9051B707998EA600257AAB = {
			isa = PBXFileReference;
			lastKnownFileType = image.png;
			path = toolbar.png;
			refType = 4;
			sourceTree = "<group>";
		};
		8E90521107999A7200257AAB = {
			isa = PBXFileReference;
			lastKnownFileType = image.png;
			path = body.png;
			refType = 4;
			sourceTree = "<group>";
		};
		8E93C74707CA824400E9787B = {
			isa = PBXFileReference;
			lastKnownFileType = image.png;
			path = weekday.png;
			refType = 4;
			sourceTree = "<group>";
		};
		8E96044D0805FB0B00D3480C = {
			isa = PBXFileReference;
			lastKnownFileType = image.png;
			path = "help-trans.png";
			refType = 4;
			sourceTree = "<group>";
		};
		8E9B1FFB0784736200F58FB2 = {
			children = (
				8E8715E3081DAA5D009051B0,
				8E731614080AC83A00A01A4A,
				8E614E4A07AADB4A003C3439,
				8E9050F00799638000257AAB,
				8E8A41550798A7AA00E99B94,
				8E400CAD0785B93500C202F9,
				8E9B201B078478E700F58FB2,
				8E9B20130784780D00F58FB2,
			);
			isa = PBXGroup;
			path = classes;
			refType = 4;
			sourceTree = "<group>";
		};
		8E9B1FFC0784736200F58FB2 = {
			children = (
				8E9B2000078473A900F58FB2,
			);
			isa = PBXGroup;
			path = css;
			refType = 4;
			sourceTree = "<group>";
		};
		8E9B1FFD0784736200F58FB2 = {
			children = (
				8EDF9C46082BB4D700F1282A,
				8E871614081DB1E8009051B0,
				8EC3590207E9202D005448BB,
				8E8A41560798A7E100E99B94,
				8E9B2012078477F900F58FB2,
			);
			isa = PBXGroup;
			path = functions;
			refType = 4;
			sourceTree = "<group>";
		};
		8E9B1FFE0784736200F58FB2 = {
			children = (
				8EDD0581082C447F009A3247,
				8EDD0582082C447F009A3247,
				8EDD0583082C447F009A3247,
				8EDD0584082C447F009A3247,
				8EDD0585082C447F009A3247,
				8EDD0586082C447F009A3247,
				8EDD0587082C447F009A3247,
				8EDD0588082C447F009A3247,
				8EDD0589082C447F009A3247,
				8EDD058A082C447F009A3247,
				8EDD058B082C447F009A3247,
				8EDD058C082C447F009A3247,
				8EDD058D082C447F009A3247,
				8EDD058E082C447F009A3247,
				8EDD058F082C447F009A3247,
				8EDD0590082C447F009A3247,
				8E871769081EADFB009051B0,
				8E87176A081EADFB009051B0,
				8E87176B081EADFB009051B0,
				8E87176C081EADFB009051B0,
				8E87176D081EADFB009051B0,
				8E87176E081EADFB009051B0,
				8E96044D0805FB0B00D3480C,
				8E04453707D4BF7300354DEA,
				8E04453807D4BF7300354DEA,
				8E66492D07D3A43E00E44569,
				8E93C74707CA824400E9787B,
				8E6B937407C51BA7001A1AFA,
				8E6B936F07C51B97001A1AFA,
				8E6B936A07C51B7C001A1AFA,
				8E36038907A84BD600097ACE,
				8E88ACFA07A7D7DB001AC294,
				8E88ACFB07A7D7DB001AC294,
				8E88ACFC07A7D7DB001AC294,
				8E88ACFD07A7D7DB001AC294,
				8E88ACFE07A7D7DB001AC294,
				8E88ACFF07A7D7DB001AC294,
				8E88AD0007A7D7DB001AC294,
				8E88AD0207A7D7DB001AC294,
				8E88AD0307A7D7DB001AC294,
				8E90521107999A7200257AAB,
				8E9051B707998EA600257AAB,
			);
			isa = PBXGroup;
			path = images;
			refType = 4;
			sourceTree = "<group>";
		};
		8E9B1FFF0784736200F58FB2 = {
			children = (
				8E0DCD73078CB85A00A84B16,
				8E0DCD5A078CB7D900A84B16,
				8E0DCD59078CB7CD00A84B16,
				8E0DCD42078CB64E00A84B16,
			);
			isa = PBXGroup;
			path = template;
			refType = 4;
			sourceTree = "<group>";
		};
		8E9B2000078473A900F58FB2 = {
			fileEncoding = 4;
			isa = PBXFileReference;
			lastKnownFileType = text.script.php;
			path = main.php;
			refType = 4;
			sourceTree = "<group>";
		};
		8E9B20040784743700F58FB2 = {
			fileEncoding = 4;
			isa = PBXFileReference;
			lastKnownFileType = text.script.php;
			path = index.php;
			refType = 2;
			sourceTree = SOURCE_ROOT;
		};
		8E9B200C0784749200F58FB2 = {
			fileEncoding = 4;
			isa = PBXFileReference;
			lastKnownFileType = text;
			path = COPYING;
			refType = 4;
			sourceTree = "<group>";
		};
		8E9B2012078477F900F58FB2 = {
			fileEncoding = 4;
			isa = PBXFileReference;
			lastKnownFileType = text.script.php;
			path = all.php;
			refType = 4;
			sourceTree = "<group>";
		};
		8E9B20130784780D00F58FB2 = {
			fileEncoding = 4;
			isa = PBXFileReference;
			lastKnownFileType = text.script.php;
			path = template.php;
			refType = 4;
			sourceTree = "<group>";
		};
		8E9B201B078478E700F58FB2 = {
			fileEncoding = 4;
			isa = PBXFileReference;
			lastKnownFileType = text.script.php;
			path = check.php;
			refType = 4;
			sourceTree = "<group>";
		};
		8EA5ED2A0800682100A412BD = {
			fileEncoding = 4;
			isa = PBXFileReference;
			languageSpecificationIdentifier = php;
			lastKnownFileType = text.script.sh;
			path = configure;
			refType = 4;
			sourceTree = "<group>";
		};
		8EA5EDE20800977B00A412BD = {
			fileEncoding = 4;
			isa = PBXFileReference;
			lastKnownFileType = text;
			path = INSTALL;
			refType = 4;
			sourceTree = "<group>";
		};
		8EC3590207E9202D005448BB = {
			fileEncoding = 30;
			isa = PBXFileReference;
			lastKnownFileType = text.script.php;
			path = alarm.php;
			refType = 4;
			sourceTree = "<group>";
		};
		8EDD0581082C447F009A3247 = {
			isa = PBXFileReference;
			lastKnownFileType = image.png;
			path = aqua_color.png;
			refType = 4;
			sourceTree = "<group>";
		};
		8EDD0582082C447F009A3247 = {
			isa = PBXFileReference;
			lastKnownFileType = image.png;
			path = white_color.png;
			refType = 4;
			sourceTree = "<group>";
		};
		8EDD0583082C447F009A3247 = {
			isa = PBXFileReference;
			lastKnownFileType = image.png;
			path = navy_color.png;
			refType = 4;
			sourceTree = "<group>";
		};
		8EDD0584082C447F009A3247 = {
			isa = PBXFileReference;
			lastKnownFileType = image.png;
			path = blue_color.png;
			refType = 4;
			sourceTree = "<group>";
		};
		8EDD0585082C447F009A3247 = {
			isa = PBXFileReference;
			lastKnownFileType = image.png;
			path = olive_color.png;
			refType = 4;
			sourceTree = "<group>";
		};
		8EDD0586082C447F009A3247 = {
			isa = PBXFileReference;
			lastKnownFileType = image.png;
			path = teal_color.png;
			refType = 4;
			sourceTree = "<group>";
		};
		8EDD0587082C447F009A3247 = {
			isa = PBXFileReference;
			lastKnownFileType = image.png;
			path = gray_color.png;
			refType = 4;
			sourceTree = "<group>";
		};
		8EDD0588082C447F009A3247 = {
			isa = PBXFileReference;
			lastKnownFileType = image.png;
			path = yellow_color.png;
			refType = 4;
			sourceTree = "<group>";
		};
		8EDD0589082C447F009A3247 = {
			isa = PBXFileReference;
			lastKnownFileType = image.png;
			path = silver_color.png;
			refType = 4;
			sourceTree = "<group>";
		};
		8EDD058A082C447F009A3247 = {
			isa = PBXFileReference;
			lastKnownFileType = image.png;
			path = black_color.png;
			refType = 4;
			sourceTree = "<group>";
		};
		8EDD058B082C447F009A3247 = {
			isa = PBXFileReference;
			lastKnownFileType = image.png;
			path = green_color.png;
			refType = 4;
			sourceTree = "<group>";
		};
		8EDD058C082C447F009A3247 = {
			isa = PBXFileReference;
			lastKnownFileType = image.png;
			path = fuchsia_color.png;
			refType = 4;
			sourceTree = "<group>";
		};
		8EDD058D082C447F009A3247 = {
			isa = PBXFileReference;
			lastKnownFileType = image.png;
			path = lime_color.png;
			refType = 4;
			sourceTree = "<group>";
		};
		8EDD058E082C447F009A3247 = {
			isa = PBXFileReference;
			lastKnownFileType = image.png;
			path = orange_color.png;
			refType = 4;
			sourceTree = "<group>";
		};
		8EDD058F082C447F009A3247 = {
			isa = PBXFileReference;
			lastKnownFileType = image.png;
			path = maroon_color.png;
			refType = 4;
			sourceTree = "<group>";
		};
		8EDD0590082C447F009A3247 = {
			isa = PBXFileReference;
			lastKnownFileType = image.png;
			path = purple_color.png;
			refType = 4;
			sourceTree = "<group>";
		};
		8EDF9C46082BB4D700F1282A = {
			fileEncoding = 4;
			isa = PBXFileReference;
			lastKnownFileType = text.script.php;
			path = categories.php;
			refType = 4;
			sourceTree = "<group>";
		};
		8EDFD1950834F3EF00EBD07B = {
			fileEncoding = 4;
			isa = PBXFileReference;
			lastKnownFileType = text.script.sh;
			path = acal_alarm.bat;
			refType = 4;
			sourceTree = "<group>";
		};
		8EF927CE07AB2B4000A54D63 = {
			children = (
				8EF927CF07AB2B4000A54D63,
				8EF927D007AB2B4000A54D63,
				8EF9284907AB2B4000A54D63,
				8EF9284A07AB2B4000A54D63,
				8EF9284B07AB2B4000A54D63,
				8EF9284C07AB2B4000A54D63,
				8EF9284D07AB2B4000A54D63,
				8EF9284E07AB2B4000A54D63,
				8EF9284F07AB2B4000A54D63,
				8EF9285007AB2B4000A54D63,
				8EF9285107AB2B4000A54D63,
				8EF9285207AB2B4000A54D63,
				8EF9285307AB2B4000A54D63,
				8EF9285407AB2B4000A54D63,
				8EF9285507AB2B4000A54D63,
				8EF9285607AB2B4000A54D63,
				8EF9285707AB2B4000A54D63,
				8EF9285807AB2B4000A54D63,
				8EF9285907AB2B4000A54D63,
				8EF9285A07AB2B4000A54D63,
				8EF9285B07AB2B4000A54D63,
				8EF9285C07AB2B4000A54D63,
				8EF9285D07AB2B4000A54D63,
				8EF9285E07AB2B4000A54D63,
				8EF9285F07AB2B4000A54D63,
				8EF9286C07AB2B4000A54D63,
				8EF9286D07AB2B4000A54D63,
				8EF9286E07AB2B4000A54D63,
			);
			isa = PBXGroup;
			path = ie7;
			refType = 4;
			sourceTree = "<group>";
		};
		8EF927CF07AB2B4000A54D63 = {
			isa = PBXFileReference;
			lastKnownFileType = image.gif;
			path = blank.gif;
			refType = 4;
			sourceTree = "<group>";
		};
		8EF927D007AB2B4000A54D63 = {
			children = (
				8EF927D107AB2B4000A54D63,
				8EF927D207AB2B4000A54D63,
				8EF927D307AB2B4000A54D63,
				8EF927D407AB2B4000A54D63,
				8EF927D507AB2B4000A54D63,
				8EF927D607AB2B4000A54D63,
				8EF927D707AB2B4000A54D63,
				8EF927D807AB2B4000A54D63,
				8EF927D907AB2B4000A54D63,
				8EF927DA07AB2B4000A54D63,
				8EF927DB07AB2B4000A54D63,
				8EF927DC07AB2B4000A54D63,
				8EF927DD07AB2B4000A54D63,
				8EF927DE07AB2B4000A54D63,
				8EF927DF07AB2B4000A54D63,
				8EF927E007AB2B4000A54D63,
				8EF927E107AB2B4000A54D63,
				8EF927E207AB2B4000A54D63,
				8EF927E307AB2B4000A54D63,
				8EF927E407AB2B4000A54D63,
				8EF927E507AB2B4000A54D63,
				8EF927E607AB2B4000A54D63,
				8EF927E707AB2B4000A54D63,
				8EF927E807AB2B4000A54D63,
				8EF927E907AB2B4000A54D63,
				8EF927EA07AB2B4000A54D63,
				8EF927EB07AB2B4000A54D63,
				8EF927EC07AB2B4000A54D63,
				8EF927ED07AB2B4000A54D63,
				8EF927EE07AB2B4000A54D63,
				8EF927EF07AB2B4000A54D63,
				8EF927F007AB2B4000A54D63,
				8EF927F107AB2B4000A54D63,
				8EF927F207AB2B4000A54D63,
				8EF927F307AB2B4000A54D63,
				8EF927F407AB2B4000A54D63,
				8EF927F507AB2B4000A54D63,
				8EF9280A07AB2B4000A54D63,
				8EF9280B07AB2B4000A54D63,
				8EF9280C07AB2B4000A54D63,
				8EF9280D07AB2B4000A54D63,
				8EF9280E07AB2B4000A54D63,
				8EF9280F07AB2B4000A54D63,
				8EF9281007AB2B4000A54D63,
				8EF9281107AB2B4000A54D63,
				8EF9281207AB2B4000A54D63,
				8EF9281307AB2B4000A54D63,
				8EF9281407AB2B4000A54D63,
				8EF9281507AB2B4000A54D63,
				8EF9281607AB2B4000A54D63,
				8EF9281707AB2B4000A54D63,
				8EF9281807AB2B4000A54D63,
				8EF9281907AB2B4000A54D63,
				8EF9281A07AB2B4000A54D63,
				8EF9281B07AB2B4000A54D63,
				8EF9281C07AB2B4000A54D63,
				8EF9281D07AB2B4000A54D63,
				8EF9281E07AB2B4000A54D63,
				8EF9281F07AB2B4000A54D63,
				8EF9282007AB2B4000A54D63,
				8EF9282107AB2B4000A54D63,
				8EF9282207AB2B4000A54D63,
				8EF9282307AB2B4000A54D63,
				8EF9282407AB2B4000A54D63,
				8EF9282507AB2B4000A54D63,
				8EF9282607AB2B4000A54D63,
				8EF9282707AB2B4000A54D63,
				8EF9282807AB2B4000A54D63,
				8EF9282907AB2B4000A54D63,
				8EF9282A07AB2B4000A54D63,
				8EF9282B07AB2B4000A54D63,
				8EF9282C07AB2B4000A54D63,
				8EF9282D07AB2B4000A54D63,
				8EF9282E07AB2B4000A54D63,
				8EF9282F07AB2B4000A54D63,
				8EF9283007AB2B4000A54D63,
				8EF9283107AB2B4000A54D63,
				8EF9283207AB2B4000A54D63,
				8EF9283307AB2B4000A54D63,
				8EF9283407AB2B4000A54D63,
				8EF9283507AB2B4000A54D63,
				8EF9283607AB2B4000A54D63,
				8EF9283707AB2B4000A54D63,
				8EF9283807AB2B4000A54D63,
				8EF9283907AB2B4000A54D63,
				8EF9283A07AB2B4000A54D63,
				8EF9283B07AB2B4000A54D63,
				8EF9283C07AB2B4000A54D63,
				8EF9283D07AB2B4000A54D63,
				8EF9283E07AB2B4000A54D63,
				8EF9283F07AB2B4000A54D63,
				8EF9284007AB2B4000A54D63,
				8EF9284107AB2B4000A54D63,
				8EF9284207AB2B4000A54D63,
				8EF9284307AB2B4000A54D63,
				8EF9284407AB2B4000A54D63,
				8EF9284507AB2B4000A54D63,
				8EF9284607AB2B4000A54D63,
				8EF9284707AB2B4000A54D63,
				8EF9284807AB2B4000A54D63,
			);
			isa = PBXGroup;
			path = compatibility;
			refType = 4;
			sourceTree = "<group>";
		};
		8EF927D107AB2B4000A54D63 = {
			fileEncoding = 30;
			isa = PBXFileReference;
			lastKnownFileType = text.html;
			path = abbr.html;
			refType = 4;
			sourceTree = "<group>";
		};
		8EF927D207AB2B4000A54D63 = {
			fileEncoding = 30;
			isa = PBXFileReference;
			lastKnownFileType = text;
			path = active.css;
			refType = 4;
			sourceTree = "<group>";
		};
		8EF927D307AB2B4000A54D63 = {
			fileEncoding = 30;
			isa = PBXFileReference;
			lastKnownFileType = text.html;
			path = active.html;
			refType = 4;
			sourceTree = "<group>";
		};
		8EF927D407AB2B4000A54D63 = {
			fileEncoding = 30;
			isa = PBXFileReference;
			lastKnownFileType = text.xml;
			path = active.xml;
			refType = 4;
			sourceTree = "<group>";
		};
		8EF927D507AB2B4000A54D63 = {
			fileEncoding = 30;
			isa = PBXFileReference;
			lastKnownFileType = text;
			path = adjacent.css;
			refType = 4;
			sourceTree = "<group>";
		};
		8EF927D607AB2B4000A54D63 = {
			fileEncoding = 30;
			isa = PBXFileReference;
			lastKnownFileType = text.html;
			path = adjacent.html;
			refType = 4;
			sourceTree = "<group>";
		};
		8EF927D707AB2B4000A54D63 = {
			fileEncoding = 30;
			isa = PBXFileReference;
			lastKnownFileType = text.xml;
			path = adjacent.xml;
			refType = 4;
			sourceTree = "<group>";
		};
		8EF927D807AB2B4000A54D63 = {
			fileEncoding = 30;
			isa = PBXFileReference;
			lastKnownFileType = text.html;
			path = after.html;
			refType = 4;
			sourceTree = "<group>";
		};
		8EF927D907AB2B4000A54D63 = {
			fileEncoding = 30;
			isa = PBXFileReference;
			lastKnownFileType = text.html;
			path = "attr-begin.html";
			refType = 4;
			sourceTree = "<group>";
		};
		8EF927DA07AB2B4000A54D63 = {
			fileEncoding = 30;
			isa = PBXFileReference;
			lastKnownFileType = text.html;
			path = "attr-contains.html";
			refType = 4;
			sourceTree = "<group>";
		};
		8EF927DB07AB2B4000A54D63 = {
			fileEncoding = 30;
			isa = PBXFileReference;
			lastKnownFileType = text;
			path = "attr-dash-list.css";
			refType = 4;
			sourceTree = "<group>";
		};
		8EF927DC07AB2B4000A54D63 = {
			fileEncoding = 30;
			isa = PBXFileReference;
			lastKnownFileType = text.html;
			path = "attr-dash-list.html";
			refType = 4;
			sourceTree = "<group>";
		};
		8EF927DD07AB2B4000A54D63 = {
			fileEncoding = 30;
			isa = PBXFileReference;
			lastKnownFileType = text.xml;
			path = "attr-dash-list.xml";
			refType = 4;
			sourceTree = "<group>";
		};
		8EF927DE07AB2B4000A54D63 = {
			fileEncoding = 30;
			isa = PBXFileReference;
			lastKnownFileType = text.html;
			path = "attr-end.html";
			refType = 4;
			sourceTree = "<group>";
		};
		8EF927DF07AB2B4000A54D63 = {
			fileEncoding = 30;
			isa = PBXFileReference;
			lastKnownFileType = text;
			path = "attr-list.css";
			refType = 4;
			sourceTree = "<group>";
		};
		8EF927E007AB2B4000A54D63 = {
			fileEncoding = 30;
			isa = PBXFileReference;
			lastKnownFileType = text.html;
			path = "attr-list.html";
			refType = 4;
			sourceTree = "<group>";
		};
		8EF927E107AB2B4000A54D63 = {
			fileEncoding = 30;
			isa = PBXFileReference;
			lastKnownFileType = text.xml;
			path = "attr-list.xml";
			refType = 4;
			sourceTree = "<group>";
		};
		8EF927E207AB2B4000A54D63 = {
			fileEncoding = 30;
			isa = PBXFileReference;
			lastKnownFileType = text;
			path = "attr-value.css";
			refType = 4;
			sourceTree = "<group>";
		};
		8EF927E307AB2B4000A54D63 = {
			fileEncoding = 30;
			isa = PBXFileReference;
			lastKnownFileType = text.html;
			path = "attr-value.html";
			refType = 4;
			sourceTree = "<group>";
		};
		8EF927E407AB2B4000A54D63 = {
			fileEncoding = 30;
			isa = PBXFileReference;
			lastKnownFileType = text.xml;
			path = "attr-value.xml";
			refType = 4;
			sourceTree = "<group>";
		};
		8EF927E507AB2B4000A54D63 = {
			fileEncoding = 30;
			isa = PBXFileReference;
			lastKnownFileType = text;
			path = attr.css;
			refType = 4;
			sourceTree = "<group>";
		};
		8EF927E607AB2B4000A54D63 = {
			fileEncoding = 30;
			isa = PBXFileReference;
			lastKnownFileType = text.html;
			path = attr.html;
			refType = 4;
			sourceTree = "<group>";
		};
		8EF927E707AB2B4000A54D63 = {
			fileEncoding = 30;
			isa = PBXFileReference;
			lastKnownFileType = text.xml;
			path = attr.xml;
			refType = 4;
			sourceTree = "<group>";
		};
		8EF927E807AB2B4000A54D63 = {
			fileEncoding = 30;
			isa = PBXFileReference;
			lastKnownFileType = text.html;
			path = "background-fixed.html";
			refType = 4;
			sourceTree = "<group>";
		};
		8EF927E907AB2B4000A54D63 = {
			fileEncoding = 30;
			isa = PBXFileReference;
			lastKnownFileType = text.html;
			path = before.html;
			refType = 4;
			sourceTree = "<group>";
		};
		8EF927EA07AB2B4000A54D63 = {
			fileEncoding = 30;
			isa = PBXFileReference;
			lastKnownFileType = text;
			path = blue.css;
			refType = 4;
			sourceTree = "<group>";
		};
		8EF927EB07AB2B4000A54D63 = {
			isa = PBXFileReference;
			lastKnownFileType = image.jpeg;
			path = bluething.jpg;
			refType = 4;
			sourceTree = "<group>";
		};
		8EF927EC07AB2B4000A54D63 = {
			isa = PBXFileReference;
			lastKnownFileType = image.jpeg;
			path = bluething_fade.jpg;
			refType = 4;
			sourceTree = "<group>";
		};
		8EF927ED07AB2B4000A54D63 = {
			isa = PBXFileReference;
			lastKnownFileType = image.gif;
			path = "bottom-left.gif";
			refType = 4;
			sourceTree = "<group>";
		};
		8EF927EE07AB2B4000A54D63 = {
			isa = PBXFileReference;
			lastKnownFileType = image.gif;
			path = "bottom-right.gif";
			refType = 4;
			sourceTree = "<group>";
		};
		8EF927EF07AB2B4000A54D63 = {
			fileEncoding = 30;
			isa = PBXFileReference;
			lastKnownFileType = text.html;
			path = "box-sizing.html";
			refType = 4;
			sourceTree = "<group>";
		};
		8EF927F007AB2B4000A54D63 = {
			fileEncoding = 30;
			isa = PBXFileReference;
			lastKnownFileType = text.html;
			path = button.html;
			refType = 4;
			sourceTree = "<group>";
		};
		8EF927F107AB2B4000A54D63 = {
			fileEncoding = 30;
			isa = PBXFileReference;
			lastKnownFileType = text;
			path = child.css;
			refType = 4;
			sourceTree = "<group>";
		};
		8EF927F207AB2B4000A54D63 = {
			fileEncoding = 30;
			isa = PBXFileReference;
			lastKnownFileType = text.html;
			path = child.html;
			refType = 4;
			sourceTree = "<group>";
		};
		8EF927F307AB2B4000A54D63 = {
			fileEncoding = 30;
			isa = PBXFileReference;
			lastKnownFileType = text.xml;
			path = child.xml;
			refType = 4;
			sourceTree = "<group>";
		};
		8EF927F407AB2B4000A54D63 = {
			fileEncoding = 30;
			isa = PBXFileReference;
			lastKnownFileType = text.html;
			path = "comment-bug.htm";
			refType = 4;
			sourceTree = "<group>";
		};
		8EF927F507AB2B4000A54D63 = {
			children = (
				8EF927F607AB2B4000A54D63,
				8EF927F707AB2B4000A54D63,
				8EF927F807AB2B4000A54D63,
				8EF927F907AB2B4000A54D63,
				8EF927FA07AB2B4000A54D63,
				8EF927FB07AB2B4000A54D63,
				8EF927FC07AB2B4000A54D63,
				8EF927FD07AB2B4000A54D63,
				8EF927FE07AB2B4000A54D63,
				8EF927FF07AB2B4000A54D63,
				8EF9280007AB2B4000A54D63,
				8EF9280107AB2B4000A54D63,
				8EF9280207AB2B4000A54D63,
				8EF9280307AB2B4000A54D63,
				8EF9280407AB2B4000A54D63,
				8EF9280507AB2B4000A54D63,
				8EF9280607AB2B4000A54D63,
				8EF9280707AB2B4000A54D63,
				8EF9280807AB2B4000A54D63,
				8EF9280907AB2B4000A54D63,
			);
			isa = PBXGroup;
			path = complexspiral;
			refType = 4;
			sourceTree = "<group>";
		};
		8EF927F607AB2B4000A54D63 = {
			fileEncoding = 30;
			isa = PBXFileReference;
			lastKnownFileType = text;
			path = "bigben-bg.css";
			refType = 4;
			sourceTree = "<group>";
		};
		8EF927F707AB2B4000A54D63 = {
			fileEncoding = 30;
			isa = PBXFileReference;
			lastKnownFileType = text.html;
			path = demo.html;
			refType = 4;
			sourceTree = "<group>";
		};
		8EF927F807AB2B4000A54D63 = {
			fileEncoding = 30;
			isa = PBXFileReference;
			lastKnownFileType = text.html;
			path = demo2.html;
			refType = 4;
			sourceTree = "<group>";
		};
		8EF927F907AB2B4000A54D63 = {
			fileEncoding = 30;
			isa = PBXFileReference;
			lastKnownFileType = text;
			path = "flower-bg.css";
			refType = 4;
			sourceTree = "<group>";
		};
		8EF927FA07AB2B4000A54D63 = {
			isa = PBXFileReference;
			lastKnownFileType = image.jpeg;
			path = "glassy-bg.jpg";
			refType = 4;
			sourceTree = "<group>";
		};
		8EF927FB07AB2B4000A54D63 = {
			isa = PBXFileReference;
			lastKnownFileType = image.jpeg;
			path = "glassy-gray.jpg";
			refType = 4;
			sourceTree = "<group>";
		};
		8EF927FC07AB2B4000A54D63 = {
			isa = PBXFileReference;
			lastKnownFileType = image.jpeg;
			path = "glassy-ripple.jpg";
			refType = 4;
			sourceTree = "<group>";
		};
		8EF927FD07AB2B4000A54D63 = {
			isa = PBXFileReference;
			lastKnownFileType = image.jpeg;
			path = "glassy-tan.jpg";
			refType = 4;
			sourceTree = "<group>";
		};
		8EF927FE07AB2B4000A54D63 = {
			fileEncoding = 30;
			isa = PBXFileReference;
			lastKnownFileType = text.html;
			path = glassy.html;
			refType = 4;
			sourceTree = "<group>";
		};
		8EF927FF07AB2B4000A54D63 = {
			isa = PBXFileReference;
			lastKnownFileType = image.gif;
			path = "halfscr-black.gif";
			refType = 4;
			sourceTree = "<group>";
		};
		8EF9280007AB2B4000A54D63 = {
			isa = PBXFileReference;
			lastKnownFileType = image.gif;
			path = "halfscr-blue.gif";
			refType = 4;
			sourceTree = "<group>";
		};
		8EF9280107AB2B4000A54D63 = {
			isa = PBXFileReference;
			lastKnownFileType = image.gif;
			path = "halfscr-white.gif";
			refType = 4;
			sourceTree = "<group>";
		};
		8EF9280207AB2B4000A54D63 = {
			fileEncoding = 30;
			isa = PBXFileReference;
			lastKnownFileType = text;
			path = "lightning-bg.css";
			refType = 4;
			sourceTree = "<group>";
		};
		8EF9280307AB2B4000A54D63 = {
			fileEncoding = 30;
			isa = PBXFileReference;
			lastKnownFileType = text;
			path = "shell-bg.css";
			refType = 4;
			sourceTree = "<group>";
		};
		8EF9280407AB2B4000A54D63 = {
			isa = PBXFileReference;
			lastKnownFileType = image.jpeg;
			path = "shell-bg.jpg";
			refType = 4;
			sourceTree = "<group>";
		};
		8EF9280507AB2B4000A54D63 = {
			isa = PBXFileReference;
			lastKnownFileType = image.jpeg;
			path = "shell-blue.jpg";
			refType = 4;
			sourceTree = "<group>";
		};
		8EF9280607AB2B4000A54D63 = {
			isa = PBXFileReference;
			lastKnownFileType = image.jpeg;
			path = "shell-fade.jpg";
			refType = 4;
			sourceTree = "<group>";
		};
		8EF9280707AB2B4000A54D63 = {
			isa = PBXFileReference;
			lastKnownFileType = image.jpeg;
			path = "shell-wash.jpg";
			refType = 4;
			sourceTree = "<group>";
		};
		8EF9280807AB2B4000A54D63 = {
			fileEncoding = 30;
			isa = PBXFileReference;
			lastKnownFileType = text;
			path = "shell2-bg.css";
			refType = 4;
			sourceTree = "<group>";
		};
		8EF9280907AB2B4000A54D63 = {
			fileEncoding = 30;
			isa = PBXFileReference;
			lastKnownFileType = text;
			path = "shuttle-bg.css";
			refType = 4;
			sourceTree = "<group>";
		};
		8EF9280A07AB2B4000A54D63 = {
			fileEncoding = 30;
			isa = PBXFileReference;
			lastKnownFileType = text.html;
			path = content.html;
			refType = 4;
			sourceTree = "<group>";
		};
		8EF9280B07AB2B4000A54D63 = {
			fileEncoding = 30;
			isa = PBXFileReference;
			lastKnownFileType = text;
			path = empty.css;
			refType = 4;
			sourceTree = "<group>";
		};
		8EF9280C07AB2B4000A54D63 = {
			fileEncoding = 30;
			isa = PBXFileReference;
			lastKnownFileType = text.html;
			path = empty.html;
			refType = 4;
			sourceTree = "<group>";
		};
		8EF9280D07AB2B4000A54D63 = {
			fileEncoding = 30;
			isa = PBXFileReference;
			lastKnownFileType = text.xml;
			path = empty.xml;
			refType = 4;
			sourceTree = "<group>";
		};
		8EF9280E07AB2B4000A54D63 = {
			fileEncoding = 30;
			isa = PBXFileReference;
			lastKnownFileType = text;
			path = "first-child.css";
			refType = 4;
			sourceTree = "<group>";
		};
		8EF9280F07AB2B4000A54D63 = {
			fileEncoding = 30;
			isa = PBXFileReference;
			lastKnownFileType = text.html;
			path = "first-child.html";
			refType = 4;
			sourceTree = "<group>";
		};
		8EF9281007AB2B4000A54D63 = {
			fileEncoding = 30;
			isa = PBXFileReference;
			lastKnownFileType = text.xml;
			path = "first-child.xml";
			refType = 4;
			sourceTree = "<group>";
		};
		8EF9281107AB2B4000A54D63 = {
			fileEncoding = 30;
			isa = PBXFileReference;
			lastKnownFileType = text.html;
			path = fixed.html;
			refType = 4;
			sourceTree = "<group>";
		};
		8EF9281207AB2B4000A54D63 = {
			fileEncoding = 30;
			isa = PBXFileReference;
			lastKnownFileType = text.html;
			path = float.html;
			refType = 4;
			sourceTree = "<group>";
		};
		8EF9281307AB2B4000A54D63 = {
			fileEncoding = 30;
			isa = PBXFileReference;
			lastKnownFileType = text;
			path = focus.css;
			refType = 4;
			sourceTree = "<group>";
		};
		8EF9281407AB2B4000A54D63 = {
			fileEncoding = 30;
			isa = PBXFileReference;
			lastKnownFileType = text.html;
			path = focus.html;
			refType = 4;
			sourceTree = "<group>";
		};
		8EF9281507AB2B4000A54D63 = {
			fileEncoding = 30;
			isa = PBXFileReference;
			lastKnownFileType = text.xml;
			path = focus.xml;
			refType = 4;
			sourceTree = "<group>";
		};
		8EF9281607AB2B4000A54D63 = {
			fileEncoding = 30;
			isa = PBXFileReference;
			lastKnownFileType = text.html;
			path = form.html;
			refType = 4;
			sourceTree = "<group>";
		};
		8EF9281707AB2B4000A54D63 = {
			fileEncoding = 30;
			isa = PBXFileReference;
			lastKnownFileType = text;
			path = green.css;
			refType = 4;
			sourceTree = "<group>";
		};
		8EF9281807AB2B4000A54D63 = {
			isa = PBXFileReference;
			lastKnownFileType = image.gif;
			path = "horizontal-gauge.gif";
			refType = 4;
			sourceTree = "<group>";
		};
		8EF9281907AB2B4000A54D63 = {
			fileEncoding = 30;
			isa = PBXFileReference;
			lastKnownFileType = text;
			path = hover.css;
			refType = 4;
			sourceTree = "<group>";
		};
		8EF9281A07AB2B4000A54D63 = {
			fileEncoding = 30;
			isa = PBXFileReference;
			lastKnownFileType = text.html;
			path = hover.html;
			refType = 4;
			sourceTree = "<group>";
		};
		8EF9281B07AB2B4000A54D63 = {
			fileEncoding = 30;
			isa = PBXFileReference;
			lastKnownFileType = text.xml;
			path = hover.xml;
			refType = 4;
			sourceTree = "<group>";
		};
		8EF9281C07AB2B4000A54D63 = {
			fileEncoding = 30;
			isa = PBXFileReference;
			lastKnownFileType = sourcecode.javascript;
			path = "ie7-demo.js";
			refType = 4;
			sourceTree = "<group>";
		};
		8EF9281D07AB2B4000A54D63 = {
			fileEncoding = 30;
			isa = PBXFileReference;
			lastKnownFileType = text;
			path = imports.css;
			refType = 4;
			sourceTree = "<group>";
		};
		8EF9281E07AB2B4000A54D63 = {
			fileEncoding = 30;
			isa = PBXFileReference;
			lastKnownFileType = text.html;
			path = imports.html;
			refType = 4;
			sourceTree = "<group>";
		};
		8EF9281F07AB2B4000A54D63 = {
			fileEncoding = 30;
			isa = PBXFileReference;
			lastKnownFileType = text;
			path = indirect.css;
			refType = 4;
			sourceTree = "<group>";
		};
		8EF9282007AB2B4000A54D63 = {
			fileEncoding = 30;
			isa = PBXFileReference;
			lastKnownFileType = text.html;
			path = indirect.html;
			refType = 4;
			sourceTree = "<group>";
		};
		8EF9282107AB2B4000A54D63 = {
			fileEncoding = 30;
			isa = PBXFileReference;
			lastKnownFileType = text.xml;
			path = indirect.xml;
			refType = 4;
			sourceTree = "<group>";
		};
		8EF9282207AB2B4000A54D63 = {
			fileEncoding = 30;
			isa = PBXFileReference;
			lastKnownFileType = text.html;
			path = label.html;
			refType = 4;
			sourceTree = "<group>";
		};
		8EF9282307AB2B4000A54D63 = {
			fileEncoding = 30;
			isa = PBXFileReference;
			lastKnownFileType = text.html;
			path = lang.html;
			refType = 4;
			sourceTree = "<group>";
		};
		8EF9282407AB2B4000A54D63 = {
			fileEncoding = 30;
			isa = PBXFileReference;
			lastKnownFileType = text;
			path = "last-child.css";
			refType = 4;
			sourceTree = "<group>";
		};
		8EF9282507AB2B4000A54D63 = {
			fileEncoding = 30;
			isa = PBXFileReference;
			lastKnownFileType = text.html;
			path = "last-child.html";
			refType = 4;
			sourceTree = "<group>";
		};
		8EF9282607AB2B4000A54D63 = {
			fileEncoding = 30;
			isa = PBXFileReference;
			lastKnownFileType = text.xml;
			path = "last-child.xml";
			refType = 4;
			sourceTree = "<group>";
		};
		8EF9282707AB2B4000A54D63 = {
			fileEncoding = 30;
			isa = PBXFileReference;
			lastKnownFileType = text.html;
			path = "left-right.html";
			refType = 4;
			sourceTree = "<group>";
		};
		8EF9282807AB2B4000A54D63 = {
			fileEncoding = 30;
			isa = PBXFileReference;
			lastKnownFileType = text.html;
			path = "max-width.html";
			refType = 4;
			sourceTree = "<group>";
		};
		8EF9282907AB2B4000A54D63 = {
			fileEncoding = 30;
			isa = PBXFileReference;
			lastKnownFileType = text.html;
			path = "min-height.html";
			refType = 4;
			sourceTree = "<group>";
		};
		8EF9282A07AB2B4000A54D63 = {
			fileEncoding = 30;
			isa = PBXFileReference;
			lastKnownFileType = text.html;
			path = "min-width.html";
			refType = 4;
			sourceTree = "<group>";
		};
		8EF9282B07AB2B4000A54D63 = {
			fileEncoding = 30;
			isa = PBXFileReference;
			lastKnownFileType = text.html;
			path = "multiple-classes-bug.html";
			refType = 4;
			sourceTree = "<group>";
		};
		8EF9282C07AB2B4000A54D63 = {
			fileEncoding = 30;
			isa = PBXFileReference;
			lastKnownFileType = text;
			path = "multiple-classes.css";
			refType = 4;
			sourceTree = "<group>";
		};
		8EF9282D07AB2B4000A54D63 = {
			fileEncoding = 30;
			isa = PBXFileReference;
			lastKnownFileType = text.html;
			path = "multiple-classes.html";
			refType = 4;
			sourceTree = "<group>";
		};
		8EF9282E07AB2B4000A54D63 = {
			fileEncoding = 30;
			isa = PBXFileReference;
			lastKnownFileType = text.xml;
			path = "multiple-classes.xml";
			refType = 4;
			sourceTree = "<group>";
		};
		8EF9282F07AB2B4000A54D63 = {
			fileEncoding = 30;
			isa = PBXFileReference;
			lastKnownFileType = text.html;
			path = "multiple-pseudo-classes.html";
			refType = 4;
			sourceTree = "<group>";
		};
		8EF9283007AB2B4000A54D63 = {
			fileEncoding = 30;
			isa = PBXFileReference;
			lastKnownFileType = text.html;
			path = "nth-child.html";
			refType = 4;
			sourceTree = "<group>";
		};
		8EF9283107AB2B4000A54D63 = {
			fileEncoding = 30;
			isa = PBXFileReference;
			lastKnownFileType = text.html;
			path = "nth-last-child.html";
			refType = 4;
			sourceTree = "<group>";
		};
		8EF9283207AB2B4000A54D63 = {
			fileEncoding = 30;
			isa = PBXFileReference;
			lastKnownFileType = text.html;
			path = "only-child.html";
			refType = 4;
			sourceTree = "<group>";
		};
		8EF9283307AB2B4000A54D63 = {
			fileEncoding = 30;
			isa = PBXFileReference;
			lastKnownFileType = text.html;
			path = "png-background.html";
			refType = 4;
			sourceTree = "<group>";
		};
		8EF9283407AB2B4000A54D63 = {
			fileEncoding = 30;
			isa = PBXFileReference;
			lastKnownFileType = text;
			path = png.css;
			refType = 4;
			sourceTree = "<group>";
		};
		8EF9283507AB2B4000A54D63 = {
			fileEncoding = 30;
			isa = PBXFileReference;
			lastKnownFileType = text.html;
			path = png.html;
			refType = 4;
			sourceTree = "<group>";
		};
		8EF9283607AB2B4000A54D63 = {
			fileEncoding = 30;
			isa = PBXFileReference;
			lastKnownFileType = text.xml;
			path = png.xml;
			refType = 4;
			sourceTree = "<group>";
		};
		8EF9283707AB2B4000A54D63 = {
			fileEncoding = 30;
			isa = PBXFileReference;
			lastKnownFileType = text.html;
			path = "Pure CSS Menus (nearly).html";
			refType = 4;
			sourceTree = "<group>";
		};
		8EF9283807AB2B4000A54D63 = {
			fileEncoding = 30;
			isa = PBXFileReference;
			lastKnownFileType = text.html;
			path = "Pure CSS Menus.html";
			refType = 4;
			sourceTree = "<group>";
		};
		8EF9283907AB2B4000A54D63 = {
			isa = PBXFileReference;
			lastKnownFileType = image.jpeg;
			path = purple_stucco.jpg;
			refType = 4;
			sourceTree = "<group>";
		};
		8EF9283A07AB2B4000A54D63 = {
			fileEncoding = 30;
			isa = PBXFileReference;
			lastKnownFileType = text;
			path = red.css;
			refType = 4;
			sourceTree = "<group>";
		};
		8EF9283B07AB2B4000A54D63 = {
			fileEncoding = 30;
			isa = PBXFileReference;
			lastKnownFileType = text;
			path = root.css;
			refType = 4;
			sourceTree = "<group>";
		};
		8EF9283C07AB2B4000A54D63 = {
			fileEncoding = 30;
			isa = PBXFileReference;
			lastKnownFileType = text.html;
			path = root.html;
			refType = 4;
			sourceTree = "<group>";
		};
		8EF9283D07AB2B4000A54D63 = {
			fileEncoding = 30;
			isa = PBXFileReference;
			lastKnownFileType = text.xml;
			path = root.xml;
			refType = 4;
			sourceTree = "<group>";
		};
		8EF9283E07AB2B4000A54D63 = {
			fileEncoding = 30;
			isa = PBXFileReference;
			lastKnownFileType = text.html;
			path = suite.html;
			refType = 4;
			sourceTree = "<group>";
		};
		8EF9283F07AB2B4000A54D63 = {
			fileEncoding = 30;
			isa = PBXFileReference;
			lastKnownFileType = text.html;
			path = "super-dynamic.html";
			refType = 4;
			sourceTree = "<group>";
		};
		8EF9284007AB2B4000A54D63 = {
			fileEncoding = 30;
			isa = PBXFileReference;
			lastKnownFileType = text;
			path = super.css;
			refType = 4;
			sourceTree = "<group>";
		};
		8EF9284107AB2B4000A54D63 = {
			fileEncoding = 30;
			isa = PBXFileReference;
			lastKnownFileType = text.xml;
			path = super.xml;
			refType = 4;
			sourceTree = "<group>";
		};
		8EF9284207AB2B4000A54D63 = {
			fileEncoding = 30;
			isa = PBXFileReference;
			lastKnownFileType = text;
			path = test.css;
			refType = 4;
			sourceTree = "<group>";
		};
		8EF9284307AB2B4000A54D63 = {
			fileEncoding = 30;
			isa = PBXFileReference;
			lastKnownFileType = text.html;
			path = "top-bottom.html";
			refType = 4;
			sourceTree = "<group>";
		};
		8EF9284407AB2B4000A54D63 = {
			isa = PBXFileReference;
			lastKnownFileType = image.gif;
			path = "top-left.gif";
			refType = 4;
			sourceTree = "<group>";
		};
		8EF9284507AB2B4000A54D63 = {
			isa = PBXFileReference;
			lastKnownFileType = image.gif;
			path = "top-right.gif";
			refType = 4;
			sourceTree = "<group>";
		};
		8EF9284607AB2B4000A54D63 = {
			isa = PBXFileReference;
			lastKnownFileType = image.png;
			path = "tukan-trans.png";
			refType = 4;
			sourceTree = "<group>";
		};
		8EF9284707AB2B4000A54D63 = {
			fileEncoding = 30;
			isa = PBXFileReference;
			lastKnownFileType = text.html;
			path = unscrollable.html;
			refType = 4;
			sourceTree = "<group>";
		};
		8EF9284807AB2B4000A54D63 = {
			isa = PBXFileReference;
			lastKnownFileType = image.gif;
			path = "vertical-gauge.gif";
			refType = 4;
			sourceTree = "<group>";
		};
		8EF9284907AB2B4000A54D63 = {
			fileEncoding = 30;
			isa = PBXFileReference;
			lastKnownFileType = text.html;
			path = configure.html;
			refType = 4;
			sourceTree = "<group>";
		};
		8EF9284A07AB2B4000A54D63 = {
			fileEncoding = 30;
			isa = PBXFileReference;
			lastKnownFileType = sourcecode.javascript;
			path = "ie7-box-model.js";
			refType = 4;
			sourceTree = "<group>";
		};
		8EF9284B07AB2B4000A54D63 = {
			fileEncoding = 30;
			isa = PBXFileReference;
			lastKnownFileType = text.html;
			path = "ie7-content.htm";
			refType = 4;
			sourceTree = "<group>";
		};
		8EF9284C07AB2B4000A54D63 = {
			fileEncoding = 30;
			isa = PBXFileReference;
			lastKnownFileType = sourcecode.javascript;
			path = "ie7-core.js";
			refType = 4;
			sourceTree = "<group>";
		};
		8EF9284D07AB2B4000A54D63 = {
			fileEncoding = 30;
			isa = PBXFileReference;
			lastKnownFileType = sourcecode.javascript;
			path = "ie7-css-strict.js";
			refType = 4;
			sourceTree = "<group>";
		};
		8EF9284E07AB2B4000A54D63 = {
			fileEncoding = 30;
			isa = PBXFileReference;
			lastKnownFileType = sourcecode.javascript;
			path = "ie7-css2.js";
			refType = 4;
			sourceTree = "<group>";
		};
		8EF9284F07AB2B4000A54D63 = {
			fileEncoding = 30;
			isa = PBXFileReference;
			lastKnownFileType = sourcecode.javascript;
			path = "ie7-css3.js";
			refType = 4;
			sourceTree = "<group>";
		};
		8EF9285007AB2B4000A54D63 = {
			fileEncoding = 30;
			isa = PBXFileReference;
			lastKnownFileType = sourcecode.javascript;
			path = "ie7-fixed.js";
			refType = 4;
			sourceTree = "<group>";
		};
		8EF9285107AB2B4000A54D63 = {
			fileEncoding = 30;
			isa = PBXFileReference;
			lastKnownFileType = sourcecode.javascript;
			path = "ie7-html4.js";
			refType = 4;
			sourceTree = "<group>";
		};
		8EF9285207AB2B4000A54D63 = {
			fileEncoding = 30;
			isa = PBXFileReference;
			lastKnownFileType = sourcecode.javascript;
			path = "ie7-ie5.js";
			refType = 4;
			sourceTree = "<group>";
		};
		8EF9285307AB2B4000A54D63 = {
			fileEncoding = 30;
			isa = PBXFileReference;
			lastKnownFileType = sourcecode.javascript;
			path = "ie7-lite-p.js";
			refType = 4;
			sourceTree = "<group>";
		};
		8EF9285407AB2B4000A54D63 = {
			fileEncoding = 30;
			isa = PBXFileReference;
			lastKnownFileType = sourcecode.javascript;
			path = "ie7-lite.js";
			refType = 4;
			sourceTree = "<group>";
		};
		8EF9285507AB2B4000A54D63 = {
			isa = PBXFileReference;
			lastKnownFileType = image.gif;
			path = "ie7-logo.gif";
			refType = 4;
			sourceTree = "<group>";
		};
		8EF9285607AB2B4000A54D63 = {
			fileEncoding = 30;
			isa = PBXFileReference;
			lastKnownFileType = sourcecode.javascript;
			path = "ie7-png.js";
			refType = 4;
			sourceTree = "<group>";
		};
		8EF9285707AB2B4000A54D63 = {
			fileEncoding = 30;
			isa = PBXFileReference;
			lastKnownFileType = text;
			path = "ie7-server.css";
			refType = 4;
			sourceTree = "<group>";
		};
		8EF9285807AB2B4000A54D63 = {
			fileEncoding = 30;
			isa = PBXFileReference;
			lastKnownFileType = sourcecode.javascript;
			path = "ie7-standard-p.js";
			refType = 4;
			sourceTree = "<group>";
		};
		8EF9285907AB2B4000A54D63 = {
			fileEncoding = 30;
			isa = PBXFileReference;
			lastKnownFileType = sourcecode.javascript;
			path = "ie7-standard.js";
			refType = 4;
			sourceTree = "<group>";
		};
		8EF9285A07AB2B4000A54D63 = {
			isa = PBXFileReference;
			lastKnownFileType = image.gif;
			path = ie7.gif;
			refType = 4;
			sourceTree = "<group>";
		};
		8EF9285B07AB2B4000A54D63 = {
			fileEncoding = 30;
			isa = PBXFileReference;
			lastKnownFileType = text.html;
			path = index.html;
			refType = 4;
			sourceTree = "<group>";
		};
		8EF9285C07AB2B4000A54D63 = {
			fileEncoding = 30;
			isa = PBXFileReference;
			lastKnownFileType = text.html;
			path = install.html;
			refType = 4;
			sourceTree = "<group>";
		};
		8EF9285D07AB2B4000A54D63 = {
			fileEncoding = 30;
			isa = PBXFileReference;
			lastKnownFileType = text;
			path = license;
			refType = 4;
			sourceTree = "<group>";
		};
		8EF9285E07AB2B4000A54D63 = {
			fileEncoding = 30;
			isa = PBXFileReference;
			lastKnownFileType = text;
			path = README.txt;
			refType = 4;
			sourceTree = "<group>";
		};
		8EF9285F07AB2B4000A54D63 = {
			children = (
				8EF9286007AB2B4000A54D63,
				8EF9286107AB2B4000A54D63,
				8EF9286207AB2B4000A54D63,
				8EF9286307AB2B4000A54D63,
				8EF9286407AB2B4000A54D63,
				8EF9286507AB2B4000A54D63,
				8EF9286607AB2B4000A54D63,
				8EF9286707AB2B4000A54D63,
				8EF9286807AB2B4000A54D63,
				8EF9286907AB2B4000A54D63,
				8EF9286A07AB2B4000A54D63,
				8EF9286B07AB2B4000A54D63,
			);
			isa = PBXGroup;
			path = src;
			refType = 4;
			sourceTree = "<group>";
		};
		8EF9286007AB2B4000A54D63 = {
			fileEncoding = 30;
			isa = PBXFileReference;
			lastKnownFileType = sourcecode.javascript;
			path = "ie7-box-model.js";
			refType = 4;
			sourceTree = "<group>";
		};
		8EF9286107AB2B4000A54D63 = {
			fileEncoding = 30;
			isa = PBXFileReference;
			lastKnownFileType = text.html;
			path = "ie7-content.htm";
			refType = 4;
			sourceTree = "<group>";
		};
		8EF9286207AB2B4000A54D63 = {
			fileEncoding = 30;
			isa = PBXFileReference;
			lastKnownFileType = sourcecode.javascript;
			path = "ie7-core.js";
			refType = 4;
			sourceTree = "<group>";
		};
		8EF9286307AB2B4000A54D63 = {
			fileEncoding = 30;
			isa = PBXFileReference;
			lastKnownFileType = sourcecode.javascript;
			path = "ie7-css-strict.js";
			refType = 4;
			sourceTree = "<group>";
		};
		8EF9286407AB2B4000A54D63 = {
			fileEncoding = 30;
			isa = PBXFileReference;
			lastKnownFileType = sourcecode.javascript;
			path = "ie7-css2.js";
			refType = 4;
			sourceTree = "<group>";
		};
		8EF9286507AB2B4000A54D63 = {
			fileEncoding = 30;
			isa = PBXFileReference;
			lastKnownFileType = sourcecode.javascript;
			path = "ie7-css3.js";
			refType = 4;
			sourceTree = "<group>";
		};
		8EF9286607AB2B4000A54D63 = {
			fileEncoding = 30;
			isa = PBXFileReference;
			lastKnownFileType = sourcecode.javascript;
			path = "ie7-fixed.js";
			refType = 4;
			sourceTree = "<group>";
		};
		8EF9286707AB2B4000A54D63 = {
			fileEncoding = 30;
			isa = PBXFileReference;
			lastKnownFileType = sourcecode.javascript;
			path = "ie7-html4.js";
			refType = 4;
			sourceTree = "<group>";
		};
		8EF9286807AB2B4000A54D63 = {
			fileEncoding = 30;
			isa = PBXFileReference;
			lastKnownFileType = sourcecode.javascript;
			path = "ie7-ie5.js";
			refType = 4;
			sourceTree = "<group>";
		};
		8EF9286907AB2B4000A54D63 = {
			fileEncoding = 30;
			isa = PBXFileReference;
			lastKnownFileType = sourcecode.javascript;
			path = "ie7-lite.js";
			refType = 4;
			sourceTree = "<group>";
		};
		8EF9286A07AB2B4000A54D63 = {
			fileEncoding = 30;
			isa = PBXFileReference;
			lastKnownFileType = sourcecode.javascript;
			path = "ie7-png.js";
			refType = 4;
			sourceTree = "<group>";
		};
		8EF9286B07AB2B4000A54D63 = {
			fileEncoding = 30;
			isa = PBXFileReference;
			lastKnownFileType = sourcecode.javascript;
			path = "ie7-standard.js";
			refType = 4;
			sourceTree = "<group>";
		};
		8EF9286C07AB2B4000A54D63 = {
			isa = PBXFileReference;
			lastKnownFileType = image.png;
			path = "test-trans.png";
			refType = 4;
			sourceTree = "<group>";
		};
		8EF9286D07AB2B4000A54D63 = {
			fileEncoding = 30;
			isa = PBXFileReference;
			lastKnownFileType = text.html;
			path = test.html;
			refType = 4;
			sourceTree = "<group>";
		};
		8EF9286E07AB2B4000A54D63 = {
			fileEncoding = 30;
			isa = PBXFileReference;
			lastKnownFileType = text.html;
			path = usage.html;
			refType = 4;
			sourceTree = "<group>";
		};
	};
	rootObject = 8E76BFEF0784729400B58B14;
}
